
Microsoft Visual Studio Solution File, Format Version 12.00
# Visual Studio Version 17
VisualStudioVersion = 17.9.34714.143
MinimumVisualStudioVersion = 10.0.40219.1
Project("{FAE04EC0-301F-11D3-BF4B-00C04F79EFBC}") = "WinFormAdv", "WinFormAdv\WinFormAdv.csproj", "{CF17412E-C7DF-4F48-897E-A81DDE967677}"
EndProject
Global
	GlobalSection(SolutionConfigurationPlatforms) = preSolution
		Debug|Any CPU = Debug|Any CPU
		Release|Any CPU = Release|Any CPU
	EndGlobalSection
	GlobalSection(ProjectConfigurationPlatforms) = postSolution
		{CF17412E-C7DF-4F48-897E-A81DDE967677}.Debug|Any CPU.ActiveCfg = Debug|Any CPU
		{CF17412E-C7DF-4F48-897E-A81DDE967677}.Debug|Any CPU.Build.0 = Debug|Any CPU
		{CF17412E-C7DF-4F48-897E-A81DDE967677}.Release|Any CPU.ActiveCfg = Release|Any CPU
		{CF17412E-C7DF-4F48-897E-A81DDE967677}.Release|Any CPU.Build.0 = Release|Any CPU
	EndGlobalSection
	GlobalSection(SolutionProperties) = preSolution
		HideSolutionNode = FALSE
	EndGlobalSection
	GlobalSection(ExtensibilityGlobals) = postSolution
		SolutionGuid = {1C165880-1C0A-455C-83B5-7B9F1E3DC3C1}
	EndGlobalSection
EndGlobal
